
Microsoft Visual Studio Solution File, Format Version 12.00
# Visual Studio Version 17
VisualStudioVersion = 17.4.33122.133
MinimumVisualStudioVersion = 10.0.40219.1
Project("{9A19103F-16F7-4668-BE54-9A1E7A4F7556}") = "qbitstring", "qbitstring\qbitstring.csproj", "{9FB4391F-FFB1-418D-878E-B754E09F0A82}"
EndProject
Project("{9A19103F-16F7-4668-BE54-9A1E7A4F7556}") = "Длина строки", "Длина строки\Длина строки.csproj", "{91FFB67E-78D8-4908-BD35-C1280B4F9AE4}"
EndProject
Project("{9A19103F-16F7-4668-BE54-9A1E7A4F7556}") = "Количество пробелов", "Количество пробелов\Количество пробелов.csproj", "{2C734917-EB41-4DF8-A2BA-E7B8410A926F}"
EndProject
Project("{9A19103F-16F7-4668-BE54-9A1E7A4F7556}") = "Первый пробел", "Первый пробел\Первый пробел.csproj", "{701A4921-043D-4C7F-B3FE-0CF8B1A9B1A7}"
EndProject
Project("{9A19103F-16F7-4668-BE54-9A1E7A4F7556}") = "Следущий и предыдущий", "Следущий и предыдущий\Следущий и предыдущий.csproj", "{C0B56CE2-1065-44A1-ABE6-0F3EAA5E5892}"
EndProject
Project("{9A19103F-16F7-4668-BE54-9A1E7A4F7556}") = "Удвоение символа z", "Удвоение символа z\Удвоение символа z.csproj", "{7081F5F3-0A7A-49A1-B7BF-156773493CF5}"
EndProject
Project("{FAE04EC0-301F-11D3-BF4B-00C04F79EFBC}") = "Удаление_символов", "Удаление_символов\Удаление_символов.csproj", "{403E08E1-8112-4F1A-9E88-33C0FF84621E}"
EndProject
Project("{FAE04EC0-301F-11D3-BF4B-00C04F79EFBC}") = "Замена w на z и наоборот", "Замена w на z и наоборот\Замена w на z и наоборот.csproj", "{6E76A3BA-6033-4B2A-9381-26736203FC99}"
EndProject
Project("{FAE04EC0-301F-11D3-BF4B-00C04F79EFBC}") = "Длина_подстроки", "Длина_подстроки\Длина_подстроки.csproj", "{702E7DDF-0D81-463E-B4CC-054362D7ED5F}"
EndProject
Project("{FAE04EC0-301F-11D3-BF4B-00C04F79EFBC}") = "Знаки_препинания", "Знаки_препинания\Знаки_препинания.csproj", "{4C45CA23-1748-4DCC-AF5E-5DD521A91B3C}"
EndProject
Project("{FAE04EC0-301F-11D3-BF4B-00C04F79EFBC}") = "Расшифровать", "Расшифровать\Расшифровать.csproj", "{297C205C-5446-43F4-9590-B07977B537A0}"
EndProject
Project("{FAE04EC0-301F-11D3-BF4B-00C04F79EFBC}") = "Зашифровать", "Зашифровать\Зашифровать.csproj", "{C137F425-3948-4565-A166-2CCCC901950F}"
EndProject
Project("{FAE04EC0-301F-11D3-BF4B-00C04F79EFBC}") = "Префиксы", "Префиксы\Префиксы.csproj", "{8BB8D66D-516C-40D9-9958-64EC56580CFB}"
EndProject
Project("{FAE04EC0-301F-11D3-BF4B-00C04F79EFBC}") = "Суфиксы", "Суфиксы\Суфиксы.csproj", "{557CDE9D-25F6-4808-BC11-833518094503}"
EndProject
Project("{FAE04EC0-301F-11D3-BF4B-00C04F79EFBC}") = "Английский_алфавит", "Английский_алфавит\Английский_алфавит.csproj", "{A613ECA8-9F3C-4387-9A26-5D2F282C657C}"
EndProject
Project("{FAE04EC0-301F-11D3-BF4B-00C04F79EFBC}") = "Цифры_в_сообщении", "Цифры_в_сообщении\Цифры_в_сообщении.csproj", "{FA8CCB77-5AA8-4E46-A126-F58C72545477}"
EndProject
Project("{FAE04EC0-301F-11D3-BF4B-00C04F79EFBC}") = "Из_нижнего_в_верхний_и_наоборот", "Из_нижнего_в_верхний_и_наоборот\Из_нижнего_в_верхний_и_наоборот.csproj", "{89AA2181-03FC-42CD-9ED2-D62FE4DAC752}"
EndProject
Project("{FAE04EC0-301F-11D3-BF4B-00C04F79EFBC}") = "Сортировка_4-х_чисел", "Сортировка_4-х_чисел\Сортировка_4-х_чисел.csproj", "{1911A09A-73EE-46F7-B7FC-CA262D10C3DF}"
EndProject
Project("{FAE04EC0-301F-11D3-BF4B-00C04F79EFBC}") = "Образец_текст", "Образец_текст\Образец_текст.csproj", "{348E48BB-DF43-4542-BA06-25E7201F6B84}"
EndProject
Project("{FAE04EC0-301F-11D3-BF4B-00C04F79EFBC}") = "К-й_пробел", "К-й_пробел\К-й_пробел.csproj", "{403909D1-EE5F-4B85-B07C-BB0EC95C6952}"
EndProject
Global
	GlobalSection(SolutionConfigurationPlatforms) = preSolution
		Debug|Any CPU = Debug|Any CPU
		Release|Any CPU = Release|Any CPU
	EndGlobalSection
	GlobalSection(ProjectConfigurationPlatforms) = postSolution
		{9FB4391F-FFB1-418D-878E-B754E09F0A82}.Debug|Any CPU.ActiveCfg = Debug|Any CPU
		{9FB4391F-FFB1-418D-878E-B754E09F0A82}.Debug|Any CPU.Build.0 = Debug|Any CPU
		{9FB4391F-FFB1-418D-878E-B754E09F0A82}.Release|Any CPU.ActiveCfg = Release|Any CPU
		{9FB4391F-FFB1-418D-878E-B754E09F0A82}.Release|Any CPU.Build.0 = Release|Any CPU
		{91FFB67E-78D8-4908-BD35-C1280B4F9AE4}.Debug|Any CPU.ActiveCfg = Debug|Any CPU
		{91FFB67E-78D8-4908-BD35-C1280B4F9AE4}.Debug|Any CPU.Build.0 = Debug|Any CPU
		{91FFB67E-78D8-4908-BD35-C1280B4F9AE4}.Release|Any CPU.ActiveCfg = Release|Any CPU
		{91FFB67E-78D8-4908-BD35-C1280B4F9AE4}.Release|Any CPU.Build.0 = Release|Any CPU
		{2C734917-EB41-4DF8-A2BA-E7B8410A926F}.Debug|Any CPU.ActiveCfg = Debug|Any CPU
		{2C734917-EB41-4DF8-A2BA-E7B8410A926F}.Debug|Any CPU.Build.0 = Debug|Any CPU
		{2C734917-EB41-4DF8-A2BA-E7B8410A926F}.Release|Any CPU.ActiveCfg = Release|Any CPU
		{2C734917-EB41-4DF8-A2BA-E7B8410A926F}.Release|Any CPU.Build.0 = Release|Any CPU
		{701A4921-043D-4C7F-B3FE-0CF8B1A9B1A7}.Debug|Any CPU.ActiveCfg = Debug|Any CPU
		{701A4921-043D-4C7F-B3FE-0CF8B1A9B1A7}.Debug|Any CPU.Build.0 = Debug|Any CPU
		{701A4921-043D-4C7F-B3FE-0CF8B1A9B1A7}.Release|Any CPU.ActiveCfg = Release|Any CPU
		{701A4921-043D-4C7F-B3FE-0CF8B1A9B1A7}.Release|Any CPU.Build.0 = Release|Any CPU
		{C0B56CE2-1065-44A1-ABE6-0F3EAA5E5892}.Debug|Any CPU.ActiveCfg = Debug|Any CPU
		{C0B56CE2-1065-44A1-ABE6-0F3EAA5E5892}.Debug|Any CPU.Build.0 = Debug|Any CPU
		{C0B56CE2-1065-44A1-ABE6-0F3EAA5E5892}.Release|Any CPU.ActiveCfg = Release|Any CPU
		{C0B56CE2-1065-44A1-ABE6-0F3EAA5E5892}.Release|Any CPU.Build.0 = Release|Any CPU
		{7081F5F3-0A7A-49A1-B7BF-156773493CF5}.Debug|Any CPU.ActiveCfg = Debug|Any CPU
		{7081F5F3-0A7A-49A1-B7BF-156773493CF5}.Debug|Any CPU.Build.0 = Debug|Any CPU
		{7081F5F3-0A7A-49A1-B7BF-156773493CF5}.Release|Any CPU.ActiveCfg = Release|Any CPU
		{7081F5F3-0A7A-49A1-B7BF-156773493CF5}.Release|Any CPU.Build.0 = Release|Any CPU
		{403E08E1-8112-4F1A-9E88-33C0FF84621E}.Debug|Any CPU.ActiveCfg = Debug|Any CPU
		{403E08E1-8112-4F1A-9E88-33C0FF84621E}.Debug|Any CPU.Build.0 = Debug|Any CPU
		{403E08E1-8112-4F1A-9E88-33C0FF84621E}.Release|Any CPU.ActiveCfg = Release|Any CPU
		{403E08E1-8112-4F1A-9E88-33C0FF84621E}.Release|Any CPU.Build.0 = Release|Any CPU
		{6E76A3BA-6033-4B2A-9381-26736203FC99}.Debug|Any CPU.ActiveCfg = Debug|Any CPU
		{6E76A3BA-6033-4B2A-9381-26736203FC99}.Debug|Any CPU.Build.0 = Debug|Any CPU
		{6E76A3BA-6033-4B2A-9381-26736203FC99}.Release|Any CPU.ActiveCfg = Release|Any CPU
		{6E76A3BA-6033-4B2A-9381-26736203FC99}.Release|Any CPU.Build.0 = Release|Any CPU
		{702E7DDF-0D81-463E-B4CC-054362D7ED5F}.Debug|Any CPU.ActiveCfg = Debug|Any CPU
		{702E7DDF-0D81-463E-B4CC-054362D7ED5F}.Debug|Any CPU.Build.0 = Debug|Any CPU
		{702E7DDF-0D81-463E-B4CC-054362D7ED5F}.Release|Any CPU.ActiveCfg = Release|Any CPU
		{702E7DDF-0D81-463E-B4CC-054362D7ED5F}.Release|Any CPU.Build.0 = Release|Any CPU
		{4C45CA23-1748-4DCC-AF5E-5DD521A91B3C}.Debug|Any CPU.ActiveCfg = Debug|Any CPU
		{4C45CA23-1748-4DCC-AF5E-5DD521A91B3C}.Debug|Any CPU.Build.0 = Debug|Any CPU
		{4C45CA23-1748-4DCC-AF5E-5DD521A91B3C}.Release|Any CPU.ActiveCfg = Release|Any CPU
		{4C45CA23-1748-4DCC-AF5E-5DD521A91B3C}.Release|Any CPU.Build.0 = Release|Any CPU
		{297C205C-5446-43F4-9590-B07977B537A0}.Debug|Any CPU.ActiveCfg = Debug|Any CPU
		{297C205C-5446-43F4-9590-B07977B537A0}.Debug|Any CPU.Build.0 = Debug|Any CPU
		{297C205C-5446-43F4-9590-B07977B537A0}.Release|Any CPU.ActiveCfg = Release|Any CPU
		{297C205C-5446-43F4-9590-B07977B537A0}.Release|Any CPU.Build.0 = Release|Any CPU
		{C137F425-3948-4565-A166-2CCCC901950F}.Debug|Any CPU.ActiveCfg = Debug|Any CPU
		{C137F425-3948-4565-A166-2CCCC901950F}.Debug|Any CPU.Build.0 = Debug|Any CPU
		{C137F425-3948-4565-A166-2CCCC901950F}.Release|Any CPU.ActiveCfg = Release|Any CPU
		{C137F425-3948-4565-A166-2CCCC901950F}.Release|Any CPU.Build.0 = Release|Any CPU
		{8BB8D66D-516C-40D9-9958-64EC56580CFB}.Debug|Any CPU.ActiveCfg = Debug|Any CPU
		{8BB8D66D-516C-40D9-9958-64EC56580CFB}.Debug|Any CPU.Build.0 = Debug|Any CPU
		{8BB8D66D-516C-40D9-9958-64EC56580CFB}.Release|Any CPU.ActiveCfg = Release|Any CPU
		{8BB8D66D-516C-40D9-9958-64EC56580CFB}.Release|Any CPU.Build.0 = Release|Any CPU
		{557CDE9D-25F6-4808-BC11-833518094503}.Debug|Any CPU.ActiveCfg = Debug|Any CPU
		{557CDE9D-25F6-4808-BC11-833518094503}.Debug|Any CPU.Build.0 = Debug|Any CPU
		{557CDE9D-25F6-4808-BC11-833518094503}.Release|Any CPU.ActiveCfg = Release|Any CPU
		{557CDE9D-25F6-4808-BC11-833518094503}.Release|Any CPU.Build.0 = Release|Any CPU
		{A613ECA8-9F3C-4387-9A26-5D2F282C657C}.Debug|Any CPU.ActiveCfg = Debug|Any CPU
		{A613ECA8-9F3C-4387-9A26-5D2F282C657C}.Debug|Any CPU.Build.0 = Debug|Any CPU
		{A613ECA8-9F3C-4387-9A26-5D2F282C657C}.Release|Any CPU.ActiveCfg = Release|Any CPU
		{A613ECA8-9F3C-4387-9A26-5D2F282C657C}.Release|Any CPU.Build.0 = Release|Any CPU
		{FA8CCB77-5AA8-4E46-A126-F58C72545477}.Debug|Any CPU.ActiveCfg = Debug|Any CPU
		{FA8CCB77-5AA8-4E46-A126-F58C72545477}.Debug|Any CPU.Build.0 = Debug|Any CPU
		{FA8CCB77-5AA8-4E46-A126-F58C72545477}.Release|Any CPU.ActiveCfg = Release|Any CPU
		{FA8CCB77-5AA8-4E46-A126-F58C72545477}.Release|Any CPU.Build.0 = Release|Any CPU
		{89AA2181-03FC-42CD-9ED2-D62FE4DAC752}.Debug|Any CPU.ActiveCfg = Debug|Any CPU
		{89AA2181-03FC-42CD-9ED2-D62FE4DAC752}.Debug|Any CPU.Build.0 = Debug|Any CPU
		{89AA2181-03FC-42CD-9ED2-D62FE4DAC752}.Release|Any CPU.ActiveCfg = Release|Any CPU
		{89AA2181-03FC-42CD-9ED2-D62FE4DAC752}.Release|Any CPU.Build.0 = Release|Any CPU
		{1911A09A-73EE-46F7-B7FC-CA262D10C3DF}.Debug|Any CPU.ActiveCfg = Debug|Any CPU
		{1911A09A-73EE-46F7-B7FC-CA262D10C3DF}.Debug|Any CPU.Build.0 = Debug|Any CPU
		{1911A09A-73EE-46F7-B7FC-CA262D10C3DF}.Release|Any CPU.ActiveCfg = Release|Any CPU
		{1911A09A-73EE-46F7-B7FC-CA262D10C3DF}.Release|Any CPU.Build.0 = Release|Any CPU
		{348E48BB-DF43-4542-BA06-25E7201F6B84}.Debug|Any CPU.ActiveCfg = Debug|Any CPU
		{348E48BB-DF43-4542-BA06-25E7201F6B84}.Debug|Any CPU.Build.0 = Debug|Any CPU
		{348E48BB-DF43-4542-BA06-25E7201F6B84}.Release|Any CPU.ActiveCfg = Release|Any CPU
		{348E48BB-DF43-4542-BA06-25E7201F6B84}.Release|Any CPU.Build.0 = Release|Any CPU
		{403909D1-EE5F-4B85-B07C-BB0EC95C6952}.Debug|Any CPU.ActiveCfg = Debug|Any CPU
		{403909D1-EE5F-4B85-B07C-BB0EC95C6952}.Debug|Any CPU.Build.0 = Debug|Any CPU
		{403909D1-EE5F-4B85-B07C-BB0EC95C6952}.Release|Any CPU.ActiveCfg = Release|Any CPU
		{403909D1-EE5F-4B85-B07C-BB0EC95C6952}.Release|Any CPU.Build.0 = Release|Any CPU
	EndGlobalSection
	GlobalSection(SolutionProperties) = preSolution
		HideSolutionNode = FALSE
	EndGlobalSection
	GlobalSection(ExtensibilityGlobals) = postSolution
		SolutionGuid = {04AEBA71-D3CC-42D9-979A-54214F7749F7}
	EndGlobalSection
EndGlobal
